
Microsoft Visual Studio Solution File, Format Version 12.00
# Visual Studio Version 17
VisualStudioVersion = 17.2.32630.192
MinimumVisualStudioVersion = 10.0.40219.1
Project("{9A19103F-16F7-4668-BE54-9A1E7A4F7556}") = "R5T.F0048.Construction", "R5T.F0048.Construction\R5T.F0048.Construction.csproj", "{2E985743-A479-41E5-9C4F-22BC91B039C8}"
EndProject
Project("{9A19103F-16F7-4668-BE54-9A1E7A4F7556}") = "R5T.F0048", "R5T.F0048\R5T.F0048.csproj", "{0897ADA5-F0A6-4F43-A86A-3B1167E7C30D}"
EndProject
Project("{2150E333-8FDC-42A3-9474-1A3956D46DE8}") = "_Dependencies", "_Dependencies", "{F82E642E-9C7B-438D-BBD3-7C12FDB3E243}"
EndProject
Project("{9A19103F-16F7-4668-BE54-9A1E7A4F7556}") = "R5T.F0044", "..\..\R5T.F0044\source\R5T.F0044\R5T.F0044.csproj", "{E57E334F-DF73-410C-A7A4-38434C81722D}"
EndProject
Project("{9A19103F-16F7-4668-BE54-9A1E7A4F7556}") = "R5T.T0131", "..\..\R5T.T0131\source\R5T.T0131\R5T.T0131.csproj", "{7E6A13F4-D71F-4B29-8D63-ECC5C1BF2D54}"
EndProject
Project("{9A19103F-16F7-4668-BE54-9A1E7A4F7556}") = "R5T.T0132", "..\..\R5T.T0132\source\R5T.T0132\R5T.T0132.csproj", "{A6F988FB-2507-458A-8A63-3D6E9ACD43C0}"
EndProject
Project("{9A19103F-16F7-4668-BE54-9A1E7A4F7556}") = "R5T.T0143", "..\..\R5T.T0143\source\R5T.T0143\R5T.T0143.csproj", "{FD39636E-5642-4D6E-9E19-9F8DD907C925}"
EndProject
Project("{9A19103F-16F7-4668-BE54-9A1E7A4F7556}") = "R5T.T0156", "..\..\R5T.T0156\source\R5T.T0156\R5T.T0156.csproj", "{3BF16887-7978-43B4-B290-9D0AAE000C0E}"
EndProject
Project("{9A19103F-16F7-4668-BE54-9A1E7A4F7556}") = "R5T.Y0000", "..\..\R5T.Y0000\source\R5T.Y0000\R5T.Y0000.csproj", "{562C4EEC-2A78-405C-AD33-834BE4657C57}"
EndProject
Project("{9A19103F-16F7-4668-BE54-9A1E7A4F7556}") = "R5T.Y0006", "..\..\R5T.Y0006\source\R5T.Y0006\R5T.Y0006.csproj", "{8ECE03E0-0BBA-497E-918F-F792D2DE7DE5}"
EndProject
Project("{9A19103F-16F7-4668-BE54-9A1E7A4F7556}") = "R5T.Z0000", "..\..\R5T.Z0000\source\R5T.Z0000\R5T.Z0000.csproj", "{521E1E19-976F-4434-955E-9FFDA1785FFC}"
EndProject
Global
	GlobalSection(NestedProjects) = preSolution
		{E57E334F-DF73-410C-A7A4-38434C81722D} = {F82E642E-9C7B-438D-BBD3-7C12FDB3E243}
		{7E6A13F4-D71F-4B29-8D63-ECC5C1BF2D54} = {F82E642E-9C7B-438D-BBD3-7C12FDB3E243}
		{A6F988FB-2507-458A-8A63-3D6E9ACD43C0} = {F82E642E-9C7B-438D-BBD3-7C12FDB3E243}
		{FD39636E-5642-4D6E-9E19-9F8DD907C925} = {F82E642E-9C7B-438D-BBD3-7C12FDB3E243}
		{3BF16887-7978-43B4-B290-9D0AAE000C0E} = {F82E642E-9C7B-438D-BBD3-7C12FDB3E243}
		{562C4EEC-2A78-405C-AD33-834BE4657C57} = {F82E642E-9C7B-438D-BBD3-7C12FDB3E243}
		{8ECE03E0-0BBA-497E-918F-F792D2DE7DE5} = {F82E642E-9C7B-438D-BBD3-7C12FDB3E243}
		{521E1E19-976F-4434-955E-9FFDA1785FFC} = {F82E642E-9C7B-438D-BBD3-7C12FDB3E243}
	EndGlobalSection
	GlobalSection(SolutionConfigurationPlatforms) = preSolution
		Debug|Any CPU = Debug|Any CPU
		Release|Any CPU = Release|Any CPU
	EndGlobalSection
	GlobalSection(ProjectConfigurationPlatforms) = postSolution
		{2E985743-A479-41E5-9C4F-22BC91B039C8}.Debug|Any CPU.ActiveCfg = Debug|Any CPU
		{2E985743-A479-41E5-9C4F-22BC91B039C8}.Debug|Any CPU.Build.0 = Debug|Any CPU
		{2E985743-A479-41E5-9C4F-22BC91B039C8}.Release|Any CPU.ActiveCfg = Release|Any CPU
		{2E985743-A479-41E5-9C4F-22BC91B039C8}.Release|Any CPU.Build.0 = Release|Any CPU
		{0897ADA5-F0A6-4F43-A86A-3B1167E7C30D}.Debug|Any CPU.ActiveCfg = Debug|Any CPU
		{0897ADA5-F0A6-4F43-A86A-3B1167E7C30D}.Debug|Any CPU.Build.0 = Debug|Any CPU
		{0897ADA5-F0A6-4F43-A86A-3B1167E7C30D}.Release|Any CPU.ActiveCfg = Release|Any CPU
		{0897ADA5-F0A6-4F43-A86A-3B1167E7C30D}.Release|Any CPU.Build.0 = Release|Any CPU
		{E57E334F-DF73-410C-A7A4-38434C81722D}.Debug|Any CPU.ActiveCfg = Debug|Any CPU
		{E57E334F-DF73-410C-A7A4-38434C81722D}.Debug|Any CPU.Build.0 = Debug|Any CPU
		{E57E334F-DF73-410C-A7A4-38434C81722D}.Release|Any CPU.ActiveCfg = Release|Any CPU
		{E57E334F-DF73-410C-A7A4-38434C81722D}.Release|Any CPU.Build.0 = Release|Any CPU
		{7E6A13F4-D71F-4B29-8D63-ECC5C1BF2D54}.Debug|Any CPU.ActiveCfg = Debug|Any CPU
		{7E6A13F4-D71F-4B29-8D63-ECC5C1BF2D54}.Debug|Any CPU.Build.0 = Debug|Any CPU
		{7E6A13F4-D71F-4B29-8D63-ECC5C1BF2D54}.Release|Any CPU.ActiveCfg = Release|Any CPU
		{7E6A13F4-D71F-4B29-8D63-ECC5C1BF2D54}.Release|Any CPU.Build.0 = Release|Any CPU
		{A6F988FB-2507-458A-8A63-3D6E9ACD43C0}.Debug|Any CPU.ActiveCfg = Debug|Any CPU
		{A6F988FB-2507-458A-8A63-3D6E9ACD43C0}.Debug|Any CPU.Build.0 = Debug|Any CPU
		{A6F988FB-2507-458A-8A63-3D6E9ACD43C0}.Release|Any CPU.ActiveCfg = Release|Any CPU
		{A6F988FB-2507-458A-8A63-3D6E9ACD43C0}.Release|Any CPU.Build.0 = Release|Any CPU
		{FD39636E-5642-4D6E-9E19-9F8DD907C925}.Debug|Any CPU.ActiveCfg = Debug|Any CPU
		{FD39636E-5642-4D6E-9E19-9F8DD907C925}.Debug|Any CPU.Build.0 = Debug|Any CPU
		{FD39636E-5642-4D6E-9E19-9F8DD907C925}.Release|Any CPU.ActiveCfg = Release|Any CPU
		{FD39636E-5642-4D6E-9E19-9F8DD907C925}.Release|Any CPU.Build.0 = Release|Any CPU
		{3BF16887-7978-43B4-B290-9D0AAE000C0E}.Debug|Any CPU.ActiveCfg = Debug|Any CPU
		{3BF16887-7978-43B4-B290-9D0AAE000C0E}.Debug|Any CPU.Build.0 = Debug|Any CPU
		{3BF16887-7978-43B4-B290-9D0AAE000C0E}.Release|Any CPU.ActiveCfg = Release|Any CPU
		{3BF16887-7978-43B4-B290-9D0AAE000C0E}.Release|Any CPU.Build.0 = Release|Any CPU
		{562C4EEC-2A78-405C-AD33-834BE4657C57}.Debug|Any CPU.ActiveCfg = Debug|Any CPU
		{562C4EEC-2A78-405C-AD33-834BE4657C57}.Debug|Any CPU.Build.0 = Debug|Any CPU
		{562C4EEC-2A78-405C-AD33-834BE4657C57}.Release|Any CPU.ActiveCfg = Release|Any CPU
		{562C4EEC-2A78-405C-AD33-834BE4657C57}.Release|Any CPU.Build.0 = Release|Any CPU
		{8ECE03E0-0BBA-497E-918F-F792D2DE7DE5}.Debug|Any CPU.ActiveCfg = Debug|Any CPU
		{8ECE03E0-0BBA-497E-918F-F792D2DE7DE5}.Debug|Any CPU.Build.0 = Debug|Any CPU
		{8ECE03E0-0BBA-497E-918F-F792D2DE7DE5}.Release|Any CPU.ActiveCfg = Release|Any CPU
		{8ECE03E0-0BBA-497E-918F-F792D2DE7DE5}.Release|Any CPU.Build.0 = Release|Any CPU
		{521E1E19-976F-4434-955E-9FFDA1785FFC}.Debug|Any CPU.ActiveCfg = Debug|Any CPU
		{521E1E19-976F-4434-955E-9FFDA1785FFC}.Debug|Any CPU.Build.0 = Debug|Any CPU
		{521E1E19-976F-4434-955E-9FFDA1785FFC}.Release|Any CPU.ActiveCfg = Release|Any CPU
		{521E1E19-976F-4434-955E-9FFDA1785FFC}.Release|Any CPU.Build.0 = Release|Any CPU
	EndGlobalSection
	GlobalSection(SolutionProperties) = preSolution
		HideSolutionNode = FALSE
	EndGlobalSection
	GlobalSection(ExtensibilityGlobals) = postSolution
		SolutionGuid = {62386BED-897D-4F92-B96C-C135A9034408}
	EndGlobalSection
EndGlobal
