
Microsoft Visual Studio Solution File, Format Version 12.00
# Visual Studio Version 17
VisualStudioVersion = 17.2.32630.192
MinimumVisualStudioVersion = 10.0.40219.1
Project("{9A19103F-16F7-4668-BE54-9A1E7A4F7556}") = "R5T.F0048", "R5T.F0048\R5T.F0048.csproj", "{EF9D536C-3130-4257-953A-7FDEC8B35728}"
EndProject
Project("{2150E333-8FDC-42A3-9474-1A3956D46DE8}") = "_Dependencies", "_Dependencies", "{7864F0AB-304B-4F44-B0E2-397688BB9E55}"
EndProject
Project("{9A19103F-16F7-4668-BE54-9A1E7A4F7556}") = "R5T.T0131", "..\..\R5T.T0131\source\R5T.T0131\R5T.T0131.csproj", "{9D394F68-13B2-4954-A4F3-5F330C77A4C0}"
EndProject
Project("{9A19103F-16F7-4668-BE54-9A1E7A4F7556}") = "R5T.T0132", "..\..\R5T.T0132\source\R5T.T0132\R5T.T0132.csproj", "{3507F8C4-E26C-4348-9FA1-8AFE4FADE726}"
EndProject
Project("{9A19103F-16F7-4668-BE54-9A1E7A4F7556}") = "R5T.F0044", "..\..\R5T.F0044\source\R5T.F0044\R5T.F0044.csproj", "{B8A71BD8-D6D6-4210-B1FC-5E9CC251B21E}"
EndProject
Global
	GlobalSection(SolutionConfigurationPlatforms) = preSolution
		Debug|Any CPU = Debug|Any CPU
		Release|Any CPU = Release|Any CPU
	EndGlobalSection
	GlobalSection(ProjectConfigurationPlatforms) = postSolution
		{EF9D536C-3130-4257-953A-7FDEC8B35728}.Debug|Any CPU.ActiveCfg = Debug|Any CPU
		{EF9D536C-3130-4257-953A-7FDEC8B35728}.Debug|Any CPU.Build.0 = Debug|Any CPU
		{EF9D536C-3130-4257-953A-7FDEC8B35728}.Release|Any CPU.ActiveCfg = Release|Any CPU
		{EF9D536C-3130-4257-953A-7FDEC8B35728}.Release|Any CPU.Build.0 = Release|Any CPU
		{9D394F68-13B2-4954-A4F3-5F330C77A4C0}.Debug|Any CPU.ActiveCfg = Debug|Any CPU
		{9D394F68-13B2-4954-A4F3-5F330C77A4C0}.Debug|Any CPU.Build.0 = Debug|Any CPU
		{9D394F68-13B2-4954-A4F3-5F330C77A4C0}.Release|Any CPU.ActiveCfg = Release|Any CPU
		{9D394F68-13B2-4954-A4F3-5F330C77A4C0}.Release|Any CPU.Build.0 = Release|Any CPU
		{3507F8C4-E26C-4348-9FA1-8AFE4FADE726}.Debug|Any CPU.ActiveCfg = Debug|Any CPU
		{3507F8C4-E26C-4348-9FA1-8AFE4FADE726}.Debug|Any CPU.Build.0 = Debug|Any CPU
		{3507F8C4-E26C-4348-9FA1-8AFE4FADE726}.Release|Any CPU.ActiveCfg = Release|Any CPU
		{3507F8C4-E26C-4348-9FA1-8AFE4FADE726}.Release|Any CPU.Build.0 = Release|Any CPU
		{B8A71BD8-D6D6-4210-B1FC-5E9CC251B21E}.Debug|Any CPU.ActiveCfg = Debug|Any CPU
		{B8A71BD8-D6D6-4210-B1FC-5E9CC251B21E}.Debug|Any CPU.Build.0 = Debug|Any CPU
		{B8A71BD8-D6D6-4210-B1FC-5E9CC251B21E}.Release|Any CPU.ActiveCfg = Release|Any CPU
		{B8A71BD8-D6D6-4210-B1FC-5E9CC251B21E}.Release|Any CPU.Build.0 = Release|Any CPU
	EndGlobalSection
	GlobalSection(SolutionProperties) = preSolution
		HideSolutionNode = FALSE
	EndGlobalSection
	GlobalSection(NestedProjects) = preSolution
		{9D394F68-13B2-4954-A4F3-5F330C77A4C0} = {7864F0AB-304B-4F44-B0E2-397688BB9E55}
		{3507F8C4-E26C-4348-9FA1-8AFE4FADE726} = {7864F0AB-304B-4F44-B0E2-397688BB9E55}
		{B8A71BD8-D6D6-4210-B1FC-5E9CC251B21E} = {7864F0AB-304B-4F44-B0E2-397688BB9E55}
	EndGlobalSection
	GlobalSection(ExtensibilityGlobals) = postSolution
		SolutionGuid = {C4E96A53-58C1-44CB-88D7-477809AA4B2D}
	EndGlobalSection
EndGlobal
