
Microsoft Visual Studio Solution File, Format Version 12.00
# Visual Studio Version 17
VisualStudioVersion = 17.2.32630.192
MinimumVisualStudioVersion = 10.0.40219.1
Project("{9A19103F-16F7-4668-BE54-9A1E7A4F7556}") = "R5T.F0048.Construction", "R5T.F0048.Construction\R5T.F0048.Construction.csproj", "{2E985743-A479-41E5-9C4F-22BC91B039C8}"
EndProject
Project("{9A19103F-16F7-4668-BE54-9A1E7A4F7556}") = "R5T.F0048", "R5T.F0048\R5T.F0048.csproj", "{0897ADA5-F0A6-4F43-A86A-3B1167E7C30D}"
EndProject
Global
	GlobalSection(SolutionConfigurationPlatforms) = preSolution
		Debug|Any CPU = Debug|Any CPU
		Release|Any CPU = Release|Any CPU
	EndGlobalSection
	GlobalSection(ProjectConfigurationPlatforms) = postSolution
		{2E985743-A479-41E5-9C4F-22BC91B039C8}.Debug|Any CPU.ActiveCfg = Debug|Any CPU
		{2E985743-A479-41E5-9C4F-22BC91B039C8}.Debug|Any CPU.Build.0 = Debug|Any CPU
		{2E985743-A479-41E5-9C4F-22BC91B039C8}.Release|Any CPU.ActiveCfg = Release|Any CPU
		{2E985743-A479-41E5-9C4F-22BC91B039C8}.Release|Any CPU.Build.0 = Release|Any CPU
		{0897ADA5-F0A6-4F43-A86A-3B1167E7C30D}.Debug|Any CPU.ActiveCfg = Debug|Any CPU
		{0897ADA5-F0A6-4F43-A86A-3B1167E7C30D}.Debug|Any CPU.Build.0 = Debug|Any CPU
		{0897ADA5-F0A6-4F43-A86A-3B1167E7C30D}.Release|Any CPU.ActiveCfg = Release|Any CPU
		{0897ADA5-F0A6-4F43-A86A-3B1167E7C30D}.Release|Any CPU.Build.0 = Release|Any CPU
	EndGlobalSection
	GlobalSection(SolutionProperties) = preSolution
		HideSolutionNode = FALSE
	EndGlobalSection
	GlobalSection(ExtensibilityGlobals) = postSolution
		SolutionGuid = {62386BED-897D-4F92-B96C-C135A9034408}
	EndGlobalSection
EndGlobal
